data:
  cmd: python -m spacy run data
  script:
    - python ./scripts/parse_data_generic.py assets/annotations.jsonl data/train.spacy
      data/dev.spacy data/test.spacy
  deps:
    - path: assets/annotations.jsonl
      md5: 5c749a83461d74addab8eeb481434c2e
  outs:
    - path: data/train.spacy
      md5: 4482018b38b844f2133c11d4a1d9742a
    - path: data/dev.spacy
      md5: e68fadcbd046bb7f7633fdafb1f204f6
    - path: data/test.spacy
      md5: 488854b18b7dc10b7c02983d376566bd
  spacy_version: 3.5.0
  spacy_git_version: Unknown
train_joint_cpu:
  cmd: python -m spacy run train_joint_cpu
  script:
    - python -m spacy train configs/rel_joint.cfg --output training --paths.train
      data/train.spacy --paths.dev data/dev.spacy -c ./scripts/custom_functions.py
  deps:
    - path: data/train.spacy
      md5: 4482018b38b844f2133c11d4a1d9742a
    - path: data/dev.spacy
      md5: e68fadcbd046bb7f7633fdafb1f204f6
  outs:
    - path: training/model-best
      md5: 74668fe6d1ce6f37138449bfc1667a91
  spacy_version: 3.5.0
  spacy_git_version: Unknown
train_cpu:
  cmd: python -m spacy run train_cpu
  script:
    - python -m spacy train configs/rel_tok2vec.cfg --output training --paths.train
      data/train.spacy --paths.dev data/dev.spacy -c ./scripts/custom_functions.py
  deps:
    - path: data/train.spacy
      md5: a12480def996fafbf25dde63b7378023
    - path: data/dev.spacy
      md5: b7db724aa6f4417c45fd0c5f6def136c
  outs:
    - path: training/model-best
      md5: 32c1872f69be0704d37586d167001418
  spacy_version: 3.5.0
  spacy_git_version: Unknown
clean:
  cmd: python -m spacy run clean
  script:
    - rm -rf data/*
    - rm -rf training/*
  deps: []
  outs: []
  spacy_version: 3.5.0
  spacy_git_version: Unknown
