data:
  cmd: python -m spacy run data
  script:
    - python ./scripts/parse_data_generic.py assets/annotations.jsonl data/train.spacy
      data/dev.spacy data/test.spacy
  deps:
    - path: assets/annotations.jsonl
      md5: 099772d4644a835e4c0deade4e47a383
  outs:
    - path: data/train.spacy
      md5: 5191bc463ac1dba6dd42171f6f134241
    - path: data/dev.spacy
      md5: 64e14dd8f0e0922889f8b3c2fbedddc2
    - path: data/test.spacy
      md5: 89fd7124e33b0a270b8b324566585484
  spacy_version: 3.5.0
  spacy_git_version: Unknown
train_joint_cpu:
  cmd: python -m spacy run train_joint_cpu
  script:
    - python -m spacy train configs/rel_joint.cfg --output training --paths.train
      data/train.spacy --paths.dev data/dev.spacy -c ./scripts/custom_functions.py
  deps:
    - path: data/train.spacy
      md5: 9ea5af5c407fa24290dbdef206ee5266
    - path: data/dev.spacy
      md5: e77a6e27e2dc30accb80b5a3d4840b34
  outs:
    - path: training/model-best
      md5: ba658835f7e73501344548b540860f2c
  spacy_version: 3.5.0
  spacy_git_version: Unknown
train_cpu:
  cmd: python -m spacy run train_cpu
  script:
    - python -m spacy train configs/rel_tok2vec.cfg --output training --paths.train
      data/train.spacy --paths.dev data/dev.spacy -c ./scripts/custom_functions.py
  deps:
    - path: data/train.spacy
      md5: a12480def996fafbf25dde63b7378023
    - path: data/dev.spacy
      md5: b7db724aa6f4417c45fd0c5f6def136c
  outs:
    - path: training/model-best
      md5: 32c1872f69be0704d37586d167001418
  spacy_version: 3.5.0
  spacy_git_version: Unknown
clean:
  cmd: python -m spacy run clean
  script:
    - rm -rf data/*
    - rm -rf training/*
  deps: []
  outs: []
  spacy_version: 3.5.0
  spacy_git_version: Unknown
